
Microsoft Visual Studio Solution File, Format Version 12.00
# Visual Studio Version 16
VisualStudioVersion = 16.0.31112.23
MinimumVisualStudioVersion = 10.0.40219.1
Project("{FAE04EC0-301F-11D3-BF4B-00C04F79EFBC}") = "Simulateur de guichet automatique", "Simulateur de guichet automatique.csproj", "{BA26A2B0-1CCD-4489-A465-D5404D475709}"
EndProject
Global
	GlobalSection(SolutionConfigurationPlatforms) = preSolution
		Debug|Any CPU = Debug|Any CPU
		Release|Any CPU = Release|Any CPU
	EndGlobalSection
	GlobalSection(ProjectConfigurationPlatforms) = postSolution
		{BA26A2B0-1CCD-4489-A465-D5404D475709}.Debug|Any CPU.ActiveCfg = Debug|Any CPU
		{BA26A2B0-1CCD-4489-A465-D5404D475709}.Debug|Any CPU.Build.0 = Debug|Any CPU
		{BA26A2B0-1CCD-4489-A465-D5404D475709}.Release|Any CPU.ActiveCfg = Release|Any CPU
		{BA26A2B0-1CCD-4489-A465-D5404D475709}.Release|Any CPU.Build.0 = Release|Any CPU
	EndGlobalSection
	GlobalSection(SolutionProperties) = preSolution
		HideSolutionNode = FALSE
	EndGlobalSection
	GlobalSection(ExtensibilityGlobals) = postSolution
		SolutionGuid = {C128206B-07E8-4B7B-8222-D3E100AAF700}
	EndGlobalSection
EndGlobal
