
Microsoft Visual Studio Solution File, Format Version 12.00
# Visual Studio Version 16
VisualStudioVersion = 16.0.31112.23
MinimumVisualStudioVersion = 10.0.40219.1
Project("{FAE04EC0-301F-11D3-BF4B-00C04F79EFBC}") = "ExamenFormatif (Hinde)", "ExamenFormatif (Hinde).csproj", "{ECD3389F-EB89-448B-9C13-D5FD7E2222FB}"
EndProject
Global
	GlobalSection(SolutionConfigurationPlatforms) = preSolution
		Debug|Any CPU = Debug|Any CPU
		Release|Any CPU = Release|Any CPU
	EndGlobalSection
	GlobalSection(ProjectConfigurationPlatforms) = postSolution
		{ECD3389F-EB89-448B-9C13-D5FD7E2222FB}.Debug|Any CPU.ActiveCfg = Debug|Any CPU
		{ECD3389F-EB89-448B-9C13-D5FD7E2222FB}.Debug|Any CPU.Build.0 = Debug|Any CPU
		{ECD3389F-EB89-448B-9C13-D5FD7E2222FB}.Release|Any CPU.ActiveCfg = Release|Any CPU
		{ECD3389F-EB89-448B-9C13-D5FD7E2222FB}.Release|Any CPU.Build.0 = Release|Any CPU
	EndGlobalSection
	GlobalSection(SolutionProperties) = preSolution
		HideSolutionNode = FALSE
	EndGlobalSection
	GlobalSection(ExtensibilityGlobals) = postSolution
		SolutionGuid = {37B43123-2345-4494-93D6-F0838B9F6213}
	EndGlobalSection
EndGlobal
