
Microsoft Visual Studio Solution File, Format Version 12.00
# Visual Studio Version 16
VisualStudioVersion = 16.0.31005.135
MinimumVisualStudioVersion = 10.0.40219.1
Project("{FAE04EC0-301F-11D3-BF4B-00C04F79EFBC}") = "Lab 05", "Lab 05.csproj", "{3CA038E5-D02C-4417-A3B4-E510B9D2BDBA}"
EndProject
Global
	GlobalSection(SolutionConfigurationPlatforms) = preSolution
		Debug|Any CPU = Debug|Any CPU
		Release|Any CPU = Release|Any CPU
	EndGlobalSection
	GlobalSection(ProjectConfigurationPlatforms) = postSolution
		{3CA038E5-D02C-4417-A3B4-E510B9D2BDBA}.Debug|Any CPU.ActiveCfg = Debug|Any CPU
		{3CA038E5-D02C-4417-A3B4-E510B9D2BDBA}.Debug|Any CPU.Build.0 = Debug|Any CPU
		{3CA038E5-D02C-4417-A3B4-E510B9D2BDBA}.Release|Any CPU.ActiveCfg = Release|Any CPU
		{3CA038E5-D02C-4417-A3B4-E510B9D2BDBA}.Release|Any CPU.Build.0 = Release|Any CPU
	EndGlobalSection
	GlobalSection(SolutionProperties) = preSolution
		HideSolutionNode = FALSE
	EndGlobalSection
	GlobalSection(ExtensibilityGlobals) = postSolution
		SolutionGuid = {E3A64D7E-C9F9-4F95-AD31-2BD2A6398153}
	EndGlobalSection
EndGlobal
